
Microsoft Visual Studio Solution File, Format Version 12.00
# Visual Studio Version 17
VisualStudioVersion = 17.5.33424.131
MinimumVisualStudioVersion = 10.0.40219.1
Project("{8BC9CEB8-8B4A-11D0-8D11-00A0C91BC942}") = "HttpProxyServer", "HttpProxyServer.vcxproj", "{25086959-C3BA-4EAC-968A-580A61867AF4}"
EndProject
Global
	GlobalSection(SolutionConfigurationPlatforms) = preSolution
		Debug|x64 = Debug|x64
		Release|x64 = Release|x64
	EndGlobalSection
	GlobalSection(ProjectConfigurationPlatforms) = postSolution
		{25086959-C3BA-4EAC-968A-580A61867AF4}.Debug|x64.ActiveCfg = Debug|x64
		{25086959-C3BA-4EAC-968A-580A61867AF4}.Debug|x64.Build.0 = Debug|x64
		{25086959-C3BA-4EAC-968A-580A61867AF4}.Release|x64.ActiveCfg = Release|x64
		{25086959-C3BA-4EAC-968A-580A61867AF4}.Release|x64.Build.0 = Release|x64
	EndGlobalSection
	GlobalSection(SolutionProperties) = preSolution
		HideSolutionNode = FALSE
	EndGlobalSection
	GlobalSection(ExtensibilityGlobals) = postSolution
		SolutionGuid = {72D109A4-D833-4FCA-AD2A-CA801892AE22}
	EndGlobalSection
EndGlobal
